{
  "version": 4,
  "terraform_version": "1.12.0",
  "serial": 179,
  "lineage": "8eb5b911-fa67-88fc-cac8-9b23886b0c87",
  "outputs": {},
  "resources": [
    {
      "mode": "managed",
      "type": "aws_vpc",
      "name": "main_vpc",
      "provider": "provider[\"registry.terraform.io/hashicorp/aws\"]",
      "instances": [
        {
          "schema_version": 1,
          "attributes": {
            "arn": "arn:aws:ec2:us-east-1:284845684968:vpc/vpc-03031338185473b17",
            "assign_generated_ipv6_cidr_block": false,
            "cidr_block": "172.20.0.0/16",
            "default_network_acl_id": "acl-0543c886d91e68774",
            "default_route_table_id": "rtb-06bdbe1ba2e9fa5fe",
            "default_security_group_id": "sg-0bdfd9e150fb7bef3",
            "dhcp_options_id": "dopt-0d4b1f872b9d9d93d",
            "enable_dns_hostnames": true,
            "enable_dns_support": true,
            "enable_network_address_usage_metrics": false,
            "id": "vpc-03031338185473b17",
            "instance_tenancy": "default",
            "ipv4_ipam_pool_id": null,
            "ipv4_netmask_length": null,
            "ipv6_association_id": "",
            "ipv6_cidr_block": "",
            "ipv6_cidr_block_network_border_group": "",
            "ipv6_ipam_pool_id": "",
            "ipv6_netmask_length": 0,
            "main_route_table_id": "rtb-06bdbe1ba2e9fa5fe",
            "owner_id": "284845684968",
            "tags": {
              "Name": "lksvpc",
              "SubType": "Modul2",
              "Type": "LKS"
            },
            "tags_all": {
              "Name": "lksvpc",
              "SubType": "Modul2",
              "Type": "LKS"
            }
          },
          "sensitive_attributes": [],
          "identity_schema_version": 0,
          "private": "eyJzY2hlbWFfdmVyc2lvbiI6IjEifQ=="
        }
      ]
    }
  ],
  "check_results": null
}
